
Microsoft Visual Studio Solution File, Format Version 12.00
# Visual Studio Version 16
VisualStudioVersion = 16.0.32901.82
MinimumVisualStudioVersion = 10.0.40219.1
Project("{FAE04EC0-301F-11D3-BF4B-00C04F79EFBC}") = "cloud", "cloud\cloud.csproj", "{856C9BE5-71A3-47B6-821D-D48BC48C052A}"
EndProject
Global
	GlobalSection(SolutionConfigurationPlatforms) = preSolution
		Debug|Any CPU = Debug|Any CPU
		Release|Any CPU = Release|Any CPU
	EndGlobalSection
	GlobalSection(ProjectConfigurationPlatforms) = postSolution
		{856C9BE5-71A3-47B6-821D-D48BC48C052A}.Debug|Any CPU.ActiveCfg = Debug|Any CPU
		{856C9BE5-71A3-47B6-821D-D48BC48C052A}.Debug|Any CPU.Build.0 = Debug|Any CPU
		{856C9BE5-71A3-47B6-821D-D48BC48C052A}.Release|Any CPU.ActiveCfg = Release|Any CPU
		{856C9BE5-71A3-47B6-821D-D48BC48C052A}.Release|Any CPU.Build.0 = Release|Any CPU
	EndGlobalSection
	GlobalSection(SolutionProperties) = preSolution
		HideSolutionNode = FALSE
	EndGlobalSection
	GlobalSection(ExtensibilityGlobals) = postSolution
		SolutionGuid = {7273EB67-2EAF-4010-88EC-273F8D96556A}
	EndGlobalSection
EndGlobal
